
Microsoft Visual Studio Solution File, Format Version 11.00
# Visual Studio 2010
Project("{FAE04EC0-301F-11D3-BF4B-00C04F79EFBC}") = "MyWindowsService", "MyWindowsService\MyWindowsService.csproj", "{FF0D9E8B-6DC5-4D3A-A79A-B0B03027B41A}"
EndProject
Project("{FAE04EC0-301F-11D3-BF4B-00C04F79EFBC}") = "WindowsServiceClient", "WindowsServiceClient\WindowsServiceClient.csproj", "{28DCC4CD-2405-448C-856B-6E8DE00C7983}"
EndProject
Global
	GlobalSection(SolutionConfigurationPlatforms) = preSolution
		Debug|x86 = Debug|x86
		Release|x86 = Release|x86
	EndGlobalSection
	GlobalSection(ProjectConfigurationPlatforms) = postSolution
		{FF0D9E8B-6DC5-4D3A-A79A-B0B03027B41A}.Debug|x86.ActiveCfg = Debug|x86
		{FF0D9E8B-6DC5-4D3A-A79A-B0B03027B41A}.Debug|x86.Build.0 = Debug|x86
		{FF0D9E8B-6DC5-4D3A-A79A-B0B03027B41A}.Release|x86.ActiveCfg = Release|x86
		{FF0D9E8B-6DC5-4D3A-A79A-B0B03027B41A}.Release|x86.Build.0 = Release|x86
		{28DCC4CD-2405-448C-856B-6E8DE00C7983}.Debug|x86.ActiveCfg = Debug|x86
		{28DCC4CD-2405-448C-856B-6E8DE00C7983}.Debug|x86.Build.0 = Debug|x86
		{28DCC4CD-2405-448C-856B-6E8DE00C7983}.Release|x86.ActiveCfg = Release|x86
		{28DCC4CD-2405-448C-856B-6E8DE00C7983}.Release|x86.Build.0 = Release|x86
	EndGlobalSection
	GlobalSection(SolutionProperties) = preSolution
		HideSolutionNode = FALSE
	EndGlobalSection
EndGlobal
